<?xml version="1.0" encoding="utf-8"?>
<Project ToolsVersion="4.0" xmlns="http://schemas.microsoft.com/developer/msbuild/2003">
  <ItemGroup>
    <Filter Include="源文件">
      <UniqueIdentifier>{4FC737F1-C7A5-4376-A066-2A32D752A2FF}</UniqueIdentifier>
      <Extensions>cpp;c;cc;cxx;def;odl;idl;hpj;bat;asm;asmx</Extensions>
    </Filter>
    <Filter Include="头文件">
      <UniqueIdentifier>{93995380-89BD-4b04-88EB-625FBE52EBFB}</UniqueIdentifier>
      <Extensions>h;hpp;hxx;hm;inl;inc;xsd</Extensions>
    </Filter>
    <Filter Include="资源文件">
      <UniqueIdentifier>{67DA6AB6-F800-4c08-8B7A-83BB121AAD01}</UniqueIdentifier>
      <Extensions>rc;ico;cur;bmp;dlg;rc2;rct;bin;rgs;gif;jpg;jpeg;jpe;resx;tiff;tif;png;wav;mfcribbon-ms</Extensions>
    </Filter>
    <Filter Include="rapidxml">
      <UniqueIdentifier>{196da031-2c75-40d9-84b0-76ce8630aad5}</UniqueIdentifier>
    </Filter>
    <Filter Include="file">
      <UniqueIdentifier>{612d72b5-cf61-4f4a-96ca-9b3fcb323a5e}</UniqueIdentifier>
    </Filter>
    <Filter Include="sys">
      <UniqueIdentifier>{fb5b1bf4-81f1-4406-bf01-635ae2aa7c7d}</UniqueIdentifier>
    </Filter>
  </ItemGroup>
  <ItemGroup>
    <ClInclude Include="..\..\useful_demo\DB\rapidxml\rapidxml.hpp">
      <Filter>rapidxml</Filter>
    </ClInclude>
    <ClInclude Include="..\..\useful_demo\DB\rapidxml\rapidxml_iterators.hpp">
      <Filter>rapidxml</Filter>
    </ClInclude>
    <ClInclude Include="..\..\useful_demo\DB\rapidxml\rapidxml_print.hpp">
      <Filter>rapidxml</Filter>
    </ClInclude>
    <ClInclude Include="..\..\useful_demo\DB\rapidxml\rapidxml_utils.hpp">
      <Filter>rapidxml</Filter>
    </ClInclude>
    <ClInclude Include="..\..\useful_demo\DB\stdafx.h">
      <Filter>头文件</Filter>
    </ClInclude>
    <ClInclude Include="..\..\useful_demo\DB\file\conf.h">
      <Filter>file</Filter>
    </ClInclude>
    <ClInclude Include="..\..\useful_demo\DB\Singletion.h">
      <Filter>头文件</Filter>
    </ClInclude>
    <ClInclude Include="..\..\useful_demo\DB\sys\SysConfMgr.h">
      <Filter>sys</Filter>
    </ClInclude>
  </ItemGroup>
  <ItemGroup>
    <ClCompile Include="..\..\useful_demo\DB\application.cpp">
      <Filter>源文件</Filter>
    </ClCompile>
    <ClCompile Include="..\..\useful_demo\DB\file\conf.cpp">
      <Filter>file</Filter>
    </ClCompile>
    <ClCompile Include="..\..\useful_demo\DB\sys\SysConfMgr.cpp">
      <Filter>sys</Filter>
    </ClCompile>
  </ItemGroup>
</Project>